// !$*UTF8*$!
{
	archiveVersion = 1;
	classes = {
	};
	objectVersion = 50;
	objects = {

/* Begin PBXBuildFile section */
		792C7E3822A2D12C006E7DCB /* AppDelegate.swift in Sources */ = {isa = PBXBuildFile; fileRef = 792C7E3722A2D12C006E7DCB /* AppDelegate.swift */; };
		792C7E3A22A2D12C006E7DCB /* ViewController.swift in Sources */ = {isa = PBXBuildFile; fileRef = 792C7E3922A2D12C006E7DCB /* ViewController.swift */; };
		792C7E3D22A2D12C006E7DCB /* Main.storyboard in Resources */ = {isa = PBXBuildFile; fileRef = 792C7E3B22A2D12C006E7DCB /* Main.storyboard */; };
		792C7E3F22A2D12E006E7DCB /* Assets.xcassets in Resources */ = {isa = PBXBuildFile; fileRef = 792C7E3E22A2D12E006E7DCB /* Assets.xcassets */; };
		792C7E4222A2D12E006E7DCB /* LaunchScreen.storyboard in Resources */ = {isa = PBXBuildFile; fileRef = 792C7E4022A2D12E006E7DCB /* LaunchScreen.storyboard */; };
/* End PBXBuildFile section */

/* Begin PBXFileReference section */
		792C7E3422A2D12C006E7DCB /* Fashion Corner.app */ = {isa = PBXFileReference; explicitFileType = wrapper.application; includeInIndex = 0; path = "Fashion Corner.app"; sourceTree = BUILT_PRODUCTS_DIR; };
		792C7E3722A2D12C006E7DCB /* AppDelegate.swift */ = {isa = PBXFileReference; lastKnownFileType = sourcecode.swift; path = AppDelegate.swift; sourceTree = "<group>"; };
		792C7E3922A2D12C006E7DCB /* ViewController.swift */ = {isa = PBXFileReference; lastKnownFileType = sourcecode.swift; path = ViewController.swift; sourceTree = "<group>"; };
		792C7E3C22A2D12C006E7DCB /* Base */ = {isa = PBXFileReference; lastKnownFileType = file.storyboard; name = Base; path = Base.lproj/Main.storyboard; sourceTree = "<group>"; };
		792C7E3E22A2D12E006E7DCB /* Assets.xcassets */ = {isa = PBXFileReference; lastKnownFileType = folder.assetcatalog; path = Assets.xcassets; sourceTree = "<group>"; };
		792C7E4122A2D12E006E7DCB /* Base */ = {isa = PBXFileReference; lastKnownFileType = file.storyboard; name = Base; path = Base.lproj/LaunchScreen.storyboard; sourceTree = "<group>"; };
		792C7E4322A2D12E006E7DCB /* Info.plist */ = {isa = PBXFileReference; lastKnownFileType = text.plist.xml; path = Info.plist; sourceTree = "<group>"; };
/* End PBXFileReference section */

/* Begin PBXFrameworksBuildPhase section */
		792C7E3122A2D12C006E7DCB /* Frameworks */ = {
			isa = PBXFrameworksBuildPhase;
			buildActionMask = 2147483647;
			files = (
			);
			runOnlyForDeploymentPostprocessing = 0;
		};
/* End PBXFrameworksBuildPhase section */

/* Begin PBXGroup section */
		792C7E2B22A2D12C006E7DCB = {
			isa = PBXGroup;
			children = (
				792C7E3622A2D12C006E7DCB /* Fashion Corner */,
				792C7E3522A2D12C006E7DCB /* Products */,
			);
			sourceTree = "<group>";
		};
		792C7E3522A2D12C006E7DCB /* Products */ = {
			isa = PBXGroup;
			children = (
				792C7E3422A2D12C006E7DCB /* Fashion Corner.app */,
			);
			name = Products;
			sourceTree = "<group>";
		};
		792C7E3622A2D12C006E7DCB /* Fashion Corner */ = {
			isa = PBXGroup;
			children = (
				792C7E3722A2D12C006E7DCB /* AppDelegate.swift */,
				792C7E3922A2D12C006E7DCB /* ViewController.swift */,
				792C7E3B22A2D12C006E7DCB /* Main.storyboard */,
				792C7E3E22A2D12E006E7DCB /* Assets.xcassets */,
				792C7E4022A2D12E006E7DCB /* LaunchScreen.storyboard */,
				792C7E4322A2D12E006E7DCB /* Info.plist */,
			);
			path = "Fashion Corner";
			sourceTree = "<group>";
		};
/* End PBXGroup section */

/* Begin PBXNativeTarget section */
		792C7E3322A2D12C006E7DCB /* Fashion Corner */ = {
			isa = PBXNativeTarget;
			buildConfigurationList = 792C7E4622A2D12E006E7DCB /* Build configuration list for PBXNativeTarget "Fashion Corner" */;
			buildPhases = (
				792C7E3022A2D12C006E7DCB /* Sources */,
				792C7E3122A2D12C006E7DCB /* Frameworks */,
				792C7E3222A2D12C006E7DCB /* Resources */,
			);
			buildRules = (
			);
			dependencies = (
			);
			name = "Fashion Corner";
			productName = "Fashion Corner";
			productReference = 792C7E3422A2D12C006E7DCB /* Fashion Corner.app */;
			productType = "com.apple.product-type.application";
		};
/* End PBXNativeTarget section */

/* Begin PBXProject section */
		792C7E2C22A2D12C006E7DCB /* Project object */ = {
			isa = PBXProject;
			attributes = {
				LastSwiftUpdateCheck = 1010;
				LastUpgradeCheck = 1010;
				ORGANIZATIONNAME = Pramodya;
				TargetAttributes = {
					792C7E3322A2D12C006E7DCB = {
						CreatedOnToolsVersion = 10.1;
					};
				};
			};
			buildConfigurationList = 792C7E2F22A2D12C006E7DCB /* Build configuration list for PBXProject "Fashion Corner" */;
			compatibilityVersion = "Xcode 9.3";
			developmentRegion = en;
			hasScannedForEncodings = 0;
			knownRegions = (
				en,
				Base,
			);
			mainGroup = 792C7E2B22A2D12C006E7DCB;
			productRefGroup = 792C7E3522A2D12C006E7DCB /* Products */;
			projectDirPath = "";
			projectRoot = "";
			targets = (
				792C7E3322A2D12C006E7DCB /* Fashion Corner */,
			);
		};
/* End PBXProject section */

/* Begin PBXResourcesBuildPhase section */
		792C7E3222A2D12C006E7DCB /* Resources */ = {
			isa = PBXResourcesBuildPhase;
			buildActionMask = 2147483647;
			files = (
				792C7E4222A2D12E006E7DCB /* LaunchScreen.storyboard in Resources */,
				792C7E3F22A2D12E006E7DCB /* Assets.xcassets in Resources */,
				792C7E3D22A2D12C006E7DCB /* Main.storyboard in Resources */,
			);
			runOnlyForDeploymentPostprocessing = 0;
		};
/* End PBXResourcesBuildPhase section */

/* Begin PBXSourcesBuildPhase section */
		792C7E3022A2D12C006E7DCB /* Sources */ = {
			isa = PBXSourcesBuildPhase;
			buildActionMask = 2147483647;
			files = (
				792C7E3A22A2D12C006E7DCB /* ViewController.swift in Sources */,
				792C7E3822A2D12C006E7DCB /* AppDelegate.swift in Sources */,
			);
			runOnlyForDeploymentPostprocessing = 0;
		};
/* End PBXSourcesBuildPhase section */

/* Begin PBXVariantGroup section */
		792C7E3B22A2D12C006E7DCB /* Main.storyboard */ = {
			isa = PBXVariantGroup;
			children = (
				792C7E3C22A2D12C006E7DCB /* Base */,
			);
			name = Main.storyboard;
			sourceTree = "<group>";
		};
		792C7E4022A2D12E006E7DCB /* LaunchScreen.storyboard */ = {
			isa = PBXVariantGroup;
			children = (
				792C7E4122A2D12E006E7DCB /* Base */,
			);
			name = LaunchScreen.storyboard;
			sourceTree = "<group>";
		};
/* End PBXVariantGroup section */

/* Begin XCBuildConfiguration section */
		792C7E4422A2D12E006E7DCB /* Debug */ = {
			isa = XCBuildConfiguration;
			buildSettings = {
				ALWAYS_SEARCH_USER_PATHS = NO;
				CLANG_ANALYZER_NONNULL = YES;
				CLANG_ANALYZER_NUMBER_OBJECT_CONVERSION = YES_AGGRESSIVE;
				CLANG_CXX_LANGUAGE_STANDARD = "gnu++14";
				CLANG_CXX_LIBRARY = "libc++";
				CLANG_ENABLE_MODULES = YES;
				CLANG_ENABLE_OBJC_ARC = YES;
				CLANG_ENABLE_OBJC_WEAK = YES;
				CLANG_WARN_BLOCK_CAPTURE_AUTORELEASING = YES;
				CLANG_WARN_BOOL_CONVERSION = YES;
				CLANG_WARN_COMMA = YES;
				CLANG_WARN_CONSTANT_CONVERSION = YES;
				CLANG_WARN_DEPRECATED_OBJC_IMPLEMENTATIONS = YES;
				CLANG_WARN_DIRECT_OBJC_ISA_USAGE = YES_ERROR;
				CLANG_WARN_DOCUMENTATION_COMMENTS = YES;
				CLANG_WARN_EMPTY_BODY = YES;
				CLANG_WARN_ENUM_CONVERSION = YES;
				CLANG_WARN_INFINITE_RECURSION = YES;
				CLANG_WARN_INT_CONVERSION = YES;
				CLANG_WARN_NON_LITERAL_NULL_CONVERSION = YES;
				CLANG_WARN_OBJC_IMPLICIT_RETAIN_SELF = YES;
				CLANG_WARN_OBJC_LITERAL_CONVERSION = YES;
				CLANG_WARN_OBJC_ROOT_CLASS = YES_ERROR;
				CLANG_WARN_RANGE_LOOP_ANALYSIS = YES;
				CLANG_WARN_STRICT_PROTOTYPES = YES;
				CLANG_WARN_SUSPICIOUS_MOVE = YES;
				CLANG_WARN_UNGUARDED_AVAILABILITY = YES_AGGRESSIVE;
				CLANG_WARN_UNREACHABLE_CODE = YES;
				CLANG_WARN__DUPLICATE_METHOD_MATCH = YES;
				CODE_SIGN_IDENTITY = "iPhone Developer";
				COPY_PHASE_STRIP = NO;
				DEBUG_INFORMATION_FORMAT = dwarf;
				ENABLE_STRICT_OBJC_MSGSEND = YES;
				ENABLE_TESTABILITY = YES;
				GCC_C_LANGUAGE_STANDARD = gnu11;
				GCC_DYNAMIC_NO_PIC = NO;
				GCC_NO_COMMON_BLOCKS = YES;
				GCC_OPTIMIZATION_LEVEL = 0;
				GCC_PREPROCESSOR_DEFINITIONS = (
					"DEBUG=1",
					"$(inherited)",
				);
				GCC_WARN_64_TO_32_BIT_CONVERSION = YES;
				GCC_WARN_ABOUT_RETURN_TYPE = YES_ERROR;
				GCC_WARN_UNDECLARED_SELECTOR = YES;
				GCC_WARN_UNINITIALIZED_AUTOS = YES_AGGRESSIVE;
				GCC_WARN_UNUSED_FUNCTION = YES;
				GCC_WARN_UNUSED_VARIABLE = YES;
				IPHONEOS_DEPLOYMENT_TARGET = 12.1;
				MTL_ENABLE_DEBUG_INFO = INCLUDE_SOURCE;
				MTL_FAST_MATH = YES;
				ONLY_ACTIVE_ARCH = YES;
				SDKROOT = iphoneos;
				SWIFT_ACTIVE_COMPILATION_CONDITIONS = DEBUG;
				SWIFT_OPTIMIZATION_LEVEL = "-Onone";
			};
			name = Debug;
		};
		792C7E4522A2D12E006E7DCB /* Release */ = {
			isa = XCBuildConfiguration;
			buildSettings = {
				ALWAYS_SEARCH_USER_PATHS = NO;
				CLANG_ANALYZER_NONNULL = YES;
				CLANG_ANALYZER_NUMBER_OBJECT_CONVERSION = YES_AGGRESSIVE;
				CLANG_CXX_LANGUAGE_STANDARD = "gnu++14";
				CLANG_CXX_LIBRARY = "libc++";
				CLANG_ENABLE_MODULES = YES;
				CLANG_ENABLE_OBJC_ARC = YES;
				CLANG_ENABLE_OBJC_WEAK = YES;
				CLANG_WARN_BLOCK_CAPTURE_AUTORELEASING = YES;
				CLANG_WARN_BOOL_CONVERSION = YES;
				CLANG_WARN_COMMA = YES;
				CLANG_WARN_CONSTANT_CONVERSION = YES;
				CLANG_WARN_DEPRECATED_OBJC_IMPLEMENTATIONS = YES;
				CLANG_WARN_DIRECT_OBJC_ISA_USAGE = YES_ERROR;
				CLANG_WARN_DOCUMENTATION_COMMENTS = YES;
				CLANG_WARN_EMPTY_BODY = YES;
				CLANG_WARN_ENUM_CONVERSION = YES;
				CLANG_WARN_INFINITE_RECURSION = YES;
				CLANG_WARN_INT_CONVERSION = YES;
				CLANG_WARN_NON_LITERAL_NULL_CONVERSION = YES;
				CLANG_WARN_OBJC_IMPLICIT_RETAIN_SELF = YES;
				CLANG_WARN_OBJC_LITERAL_CONVERSION = YES;
				CLANG_WARN_OBJC_ROOT_CLASS = YES_ERROR;
				CLANG_WARN_RANGE_LOOP_ANALYSIS = YES;
				CLANG_WARN_STRICT_PROTOTYPES = YES;
				CLANG_WARN_SUSPICIOUS_MOVE = YES;
				CLANG_WARN_UNGUARDED_AVAILABILITY = YES_AGGRESSIVE;
				CLANG_WARN_UNREACHABLE_CODE = YES;
				CLANG_WARN__DUPLICATE_METHOD_MATCH = YES;
				CODE_SIGN_IDENTITY = "iPhone Developer";
				COPY_PHASE_STRIP = NO;
				DEBUG_INFORMATION_FORMAT = "dwarf-with-dsym";
				ENABLE_NS_ASSERTIONS = NO;
				ENABLE_STRICT_OBJC_MSGSEND = YES;
				GCC_C_LANGUAGE_STANDARD = gnu11;
				GCC_NO_COMMON_BLOCKS = YES;
				GCC_WARN_64_TO_32_BIT_CONVERSION = YES;
				GCC_WARN_ABOUT_RETURN_TYPE = YES_ERROR;
				GCC_WARN_UNDECLARED_SELECTOR = YES;
				GCC_WARN_UNINITIALIZED_AUTOS = YES_AGGRESSIVE;
				GCC_WARN_UNUSED_FUNCTION = YES;
				GCC_WARN_UNUSED_VARIABLE = YES;
				IPHONEOS_DEPLOYMENT_TARGET = 12.1;
				MTL_ENABLE_DEBUG_INFO = NO;
				MTL_FAST_MATH = YES;
				SDKROOT = iphoneos;
				SWIFT_COMPILATION_MODE = wholemodule;
				SWIFT_OPTIMIZATION_LEVEL = "-O";
				VALIDATE_PRODUCT = YES;
			};
			name = Release;
		};
		792C7E4722A2D12E006E7DCB /* Debug */ = {
			isa = XCBuildConfiguration;
			buildSettings = {
				ASSETCATALOG_COMPILER_APPICON_NAME = AppIcon;
				CODE_SIGN_STYLE = Automatic;
				DEVELOPMENT_TEAM = X2332K5HVA;
				INFOPLIST_FILE = "Fashion Corner/Info.plist";
				LD_RUNPATH_SEARCH_PATHS = (
					"$(inherited)",
					"@executable_path/Frameworks",
				);
				PRODUCT_BUNDLE_IDENTIFIER = "com.pramodya.Fashion-Corner";
				PRODUCT_NAME = "$(TARGET_NAME)";
				SWIFT_VERSION = 4.2;
				TARGETED_DEVICE_FAMILY = "1,2";
			};
			name = Debug;
		};
		792C7E4822A2D12E006E7DCB /* Release */ = {
			isa = XCBuildConfiguration;
			buildSettings = {
				ASSETCATALOG_COMPILER_APPICON_NAME = AppIcon;
				CODE_SIGN_STYLE = Automatic;
				DEVELOPMENT_TEAM = X2332K5HVA;
				INFOPLIST_FILE = "Fashion Corner/Info.plist";
				LD_RUNPATH_SEARCH_PATHS = (
					"$(inherited)",
					"@executable_path/Frameworks",
				);
				PRODUCT_BUNDLE_IDENTIFIER = "com.pramodya.Fashion-Corner";
				PRODUCT_NAME = "$(TARGET_NAME)";
				SWIFT_VERSION = 4.2;
				TARGETED_DEVICE_FAMILY = "1,2";
			};
			name = Release;
		};
/* End XCBuildConfiguration section */

/* Begin XCConfigurationList section */
		792C7E2F22A2D12C006E7DCB /* Build configuration list for PBXProject "Fashion Corner" */ = {
			isa = XCConfigurationList;
			buildConfigurations = (
				792C7E4422A2D12E006E7DCB /* Debug */,
				792C7E4522A2D12E006E7DCB /* Release */,
			);
			defaultConfigurationIsVisible = 0;
			defaultConfigurationName = Release;
		};
		792C7E4622A2D12E006E7DCB /* Build configuration list for PBXNativeTarget "Fashion Corner" */ = {
			isa = XCConfigurationList;
			buildConfigurations = (
				792C7E4722A2D12E006E7DCB /* Debug */,
				792C7E4822A2D12E006E7DCB /* Release */,
			);
			defaultConfigurationIsVisible = 0;
			defaultConfigurationName = Release;
		};
/* End XCConfigurationList section */
	};
	rootObject = 792C7E2C22A2D12C006E7DCB /* Project object */;
}
